{
  "object": {
    "pins": [
      {
        "package": "URLImage",
        "repositoryURL": "https://github.com/dmytro-anokhin/url-image",
        "state": {
          "branch": null,
          "revision": "a55b6597f6ce67dfbdc136ecfb8c8436b14ca41d",
          "version": "3.1.0"
        }
      }
    ]
  },
  "version": 1
}
